
Microsoft Visual Studio Solution File, Format Version 12.00
# Visual Studio Version 16
VisualStudioVersion = 16.0.31613.86
MinimumVisualStudioVersion = 10.0.40219.1
Project("{FAE04EC0-301F-11D3-BF4B-00C04F79EFBC}") = "BankingLibraryProject", "BankingLibraryProject\BankingLibraryProject.csproj", "{8285CD8B-1505-44AD-81FC-9ECFC7D33E25}"
EndProject
Project("{FAE04EC0-301F-11D3-BF4B-00C04F79EFBC}") = "TestBankingLibrary", "TestBankingLibrary\TestBankingLibrary.csproj", "{F8E1F6F1-95DD-4B5C-AC88-01261B5FE7BB}"
EndProject
Project("{FAE04EC0-301F-11D3-BF4B-00C04F79EFBC}") = "AccountFormatLibrary", "AccountFormatLibrary\AccountFormatLibrary.csproj", "{4F31A9D8-4F6D-4811-8D14-A808D79FFC3E}"
EndProject
Global
	GlobalSection(SolutionConfigurationPlatforms) = preSolution
		Debug|Any CPU = Debug|Any CPU
		Release|Any CPU = Release|Any CPU
	EndGlobalSection
	GlobalSection(ProjectConfigurationPlatforms) = postSolution
		{8285CD8B-1505-44AD-81FC-9ECFC7D33E25}.Debug|Any CPU.ActiveCfg = Debug|Any CPU
		{8285CD8B-1505-44AD-81FC-9ECFC7D33E25}.Debug|Any CPU.Build.0 = Debug|Any CPU
		{8285CD8B-1505-44AD-81FC-9ECFC7D33E25}.Release|Any CPU.ActiveCfg = Release|Any CPU
		{8285CD8B-1505-44AD-81FC-9ECFC7D33E25}.Release|Any CPU.Build.0 = Release|Any CPU
		{F8E1F6F1-95DD-4B5C-AC88-01261B5FE7BB}.Debug|Any CPU.ActiveCfg = Debug|Any CPU
		{F8E1F6F1-95DD-4B5C-AC88-01261B5FE7BB}.Debug|Any CPU.Build.0 = Debug|Any CPU
		{F8E1F6F1-95DD-4B5C-AC88-01261B5FE7BB}.Release|Any CPU.ActiveCfg = Release|Any CPU
		{F8E1F6F1-95DD-4B5C-AC88-01261B5FE7BB}.Release|Any CPU.Build.0 = Release|Any CPU
		{4F31A9D8-4F6D-4811-8D14-A808D79FFC3E}.Debug|Any CPU.ActiveCfg = Debug|Any CPU
		{4F31A9D8-4F6D-4811-8D14-A808D79FFC3E}.Debug|Any CPU.Build.0 = Debug|Any CPU
		{4F31A9D8-4F6D-4811-8D14-A808D79FFC3E}.Release|Any CPU.ActiveCfg = Release|Any CPU
		{4F31A9D8-4F6D-4811-8D14-A808D79FFC3E}.Release|Any CPU.Build.0 = Release|Any CPU
	EndGlobalSection
	GlobalSection(SolutionProperties) = preSolution
		HideSolutionNode = FALSE
	EndGlobalSection
	GlobalSection(ExtensibilityGlobals) = postSolution
		SolutionGuid = {8F3DBE27-BCA7-42C5-9FC1-4C06120436E0}
	EndGlobalSection
EndGlobal
